
Microsoft Visual Studio Solution File, Format Version 12.00
# Visual Studio Version 17
VisualStudioVersion = 17.7.34031.279
MinimumVisualStudioVersion = 10.0.40219.1
Project("{FAE04EC0-301F-11D3-BF4B-00C04F79EFBC}") = "GracePeriod", "GracePeriod.csproj", "{C765D6BB-704B-462E-AF58-4A8AF6C4F3A8}"
EndProject
Global
	GlobalSection(SolutionConfigurationPlatforms) = preSolution
		Debug|Any CPU = Debug|Any CPU
		Release|Any CPU = Release|Any CPU
	EndGlobalSection
	GlobalSection(ProjectConfigurationPlatforms) = postSolution
		{C765D6BB-704B-462E-AF58-4A8AF6C4F3A8}.Debug|Any CPU.ActiveCfg = Debug|Any CPU
		{C765D6BB-704B-462E-AF58-4A8AF6C4F3A8}.Debug|Any CPU.Build.0 = Debug|Any CPU
		{C765D6BB-704B-462E-AF58-4A8AF6C4F3A8}.Release|Any CPU.ActiveCfg = Release|Any CPU
		{C765D6BB-704B-462E-AF58-4A8AF6C4F3A8}.Release|Any CPU.Build.0 = Release|Any CPU
	EndGlobalSection
	GlobalSection(SolutionProperties) = preSolution
		HideSolutionNode = FALSE
	EndGlobalSection
	GlobalSection(ExtensibilityGlobals) = postSolution
		SolutionGuid = {49D76A63-729C-4BEC-AC50-1B88E5C0D0C1}
	EndGlobalSection
EndGlobal
